// !$*UTF8*$!
{
	archiveVersion = 1;
	classes = {
	};
	objectVersion = 46;
	objects = {

/* Begin PBXBuildFile section */
		8A1D5EFE1E7C7AEA00E0ADB3 /* UnityNativePlugin.cpp in Sources */ = {isa = PBXBuildFile; fileRef = 8A1D5EFC1E7C7AEA00E0ADB3 /* UnityNativePlugin.cpp */; };
/* End PBXBuildFile section */

/* Begin PBXFileReference section */
		8A1D5EF31E7C7AD500E0ADB3 /* UnityNativePlugin.bundle */ = {isa = PBXFileReference; explicitFileType = wrapper.cfbundle; includeInIndex = 0; path = UnityNativePlugin.bundle; sourceTree = BUILT_PRODUCTS_DIR; };
		8A1D5EF61E7C7AD500E0ADB3 /* Info.plist */ = {isa = PBXFileReference; lastKnownFileType = text.plist.xml; path = Info.plist; sourceTree = "<group>"; };
		8A1D5EFC1E7C7AEA00E0ADB3 /* UnityNativePlugin.cpp */ = {isa = PBXFileReference; fileEncoding = 4; lastKnownFileType = sourcecode.cpp.cpp; path = UnityNativePlugin.cpp; sourceTree = "<group>"; };
		8A1D5EFD1E7C7AEA00E0ADB3 /* UnityNativePlugin.hpp */ = {isa = PBXFileReference; fileEncoding = 4; lastKnownFileType = sourcecode.cpp.h; path = UnityNativePlugin.hpp; sourceTree = "<group>"; };
		8A4F0F221ED4A6670078C2F3 /* earcut.hpp */ = {isa = PBXFileReference; lastKnownFileType = sourcecode.cpp.h; path = earcut.hpp; sourceTree = "<group>"; };
/* End PBXFileReference section */

/* Begin PBXFrameworksBuildPhase section */
		8A1D5EF01E7C7AD500E0ADB3 /* Frameworks */ = {
			isa = PBXFrameworksBuildPhase;
			buildActionMask = 2147483647;
			files = (
			);
			runOnlyForDeploymentPostprocessing = 0;
		};
/* End PBXFrameworksBuildPhase section */

/* Begin PBXGroup section */
		8A1D5EEA1E7C7AD500E0ADB3 = {
			isa = PBXGroup;
			children = (
				8A1D5EF51E7C7AD500E0ADB3 /* UnityNativePlugin */,
				8A1D5EF41E7C7AD500E0ADB3 /* Products */,
			);
			sourceTree = "<group>";
		};
		8A1D5EF41E7C7AD500E0ADB3 /* Products */ = {
			isa = PBXGroup;
			children = (
				8A1D5EF31E7C7AD500E0ADB3 /* UnityNativePlugin.bundle */,
			);
			name = Products;
			sourceTree = "<group>";
		};
		8A1D5EF51E7C7AD500E0ADB3 /* UnityNativePlugin */ = {
			isa = PBXGroup;
			children = (
				8A1D5EF61E7C7AD500E0ADB3 /* Info.plist */,
				8A4F0F221ED4A6670078C2F3 /* earcut.hpp */,
				8A1D5EFC1E7C7AEA00E0ADB3 /* UnityNativePlugin.cpp */,
				8A1D5EFD1E7C7AEA00E0ADB3 /* UnityNativePlugin.hpp */,
			);
			path = UnityNativePlugin;
			sourceTree = "<group>";
		};
/* End PBXGroup section */

/* Begin PBXNativeTarget section */
		8A1D5EF21E7C7AD500E0ADB3 /* UnityNativePlugin */ = {
			isa = PBXNativeTarget;
			buildConfigurationList = 8A1D5EF91E7C7AD500E0ADB3 /* Build configuration list for PBXNativeTarget "UnityNativePlugin" */;
			buildPhases = (
				8A1D5EEF1E7C7AD500E0ADB3 /* Sources */,
				8A1D5EF01E7C7AD500E0ADB3 /* Frameworks */,
				8A1D5EF11E7C7AD500E0ADB3 /* Resources */,
			);
			buildRules = (
			);
			dependencies = (
			);
			name = UnityNativePlugin;
			productName = UnityNativePlugin;
			productReference = 8A1D5EF31E7C7AD500E0ADB3 /* UnityNativePlugin.bundle */;
			productType = "com.apple.product-type.bundle";
		};
/* End PBXNativeTarget section */

/* Begin PBXProject section */
		8A1D5EEB1E7C7AD500E0ADB3 /* Project object */ = {
			isa = PBXProject;
			attributes = {
				LastUpgradeCheck = 0810;
				ORGANIZATIONNAME = "Karim Naaji";
				TargetAttributes = {
					8A1D5EF21E7C7AD500E0ADB3 = {
						CreatedOnToolsVersion = 8.1;
						ProvisioningStyle = Automatic;
					};
				};
			};
			buildConfigurationList = 8A1D5EEE1E7C7AD500E0ADB3 /* Build configuration list for PBXProject "UnityNativePlugin" */;
			compatibilityVersion = "Xcode 3.2";
			developmentRegion = English;
			hasScannedForEncodings = 0;
			knownRegions = (
				en,
			);
			mainGroup = 8A1D5EEA1E7C7AD500E0ADB3;
			productRefGroup = 8A1D5EF41E7C7AD500E0ADB3 /* Products */;
			projectDirPath = "";
			projectRoot = "";
			targets = (
				8A1D5EF21E7C7AD500E0ADB3 /* UnityNativePlugin */,
			);
		};
/* End PBXProject section */

/* Begin PBXResourcesBuildPhase section */
		8A1D5EF11E7C7AD500E0ADB3 /* Resources */ = {
			isa = PBXResourcesBuildPhase;
			buildActionMask = 2147483647;
			files = (
			);
			runOnlyForDeploymentPostprocessing = 0;
		};
/* End PBXResourcesBuildPhase section */

/* Begin PBXSourcesBuildPhase section */
		8A1D5EEF1E7C7AD500E0ADB3 /* Sources */ = {
			isa = PBXSourcesBuildPhase;
			buildActionMask = 2147483647;
			files = (
				8A1D5EFE1E7C7AEA00E0ADB3 /* UnityNativePlugin.cpp in Sources */,
			);
			runOnlyForDeploymentPostprocessing = 0;
		};
/* End PBXSourcesBuildPhase section */

/* Begin XCBuildConfiguration section */
		8A1D5EF71E7C7AD500E0ADB3 /* Debug */ = {
			isa = XCBuildConfiguration;
			buildSettings = {
				ALWAYS_SEARCH_USER_PATHS = NO;
				CLANG_ANALYZER_NONNULL = YES;
				CLANG_CXX_LANGUAGE_STANDARD = "gnu++0x";
				CLANG_CXX_LIBRARY = "libc++";
				CLANG_ENABLE_MODULES = YES;
				CLANG_ENABLE_OBJC_ARC = YES;
				CLANG_WARN_BOOL_CONVERSION = YES;
				CLANG_WARN_CONSTANT_CONVERSION = YES;
				CLANG_WARN_DIRECT_OBJC_ISA_USAGE = YES_ERROR;
				CLANG_WARN_DOCUMENTATION_COMMENTS = YES;
				CLANG_WARN_EMPTY_BODY = YES;
				CLANG_WARN_ENUM_CONVERSION = YES;
				CLANG_WARN_INFINITE_RECURSION = YES;
				CLANG_WARN_INT_CONVERSION = YES;
				CLANG_WARN_OBJC_ROOT_CLASS = YES_ERROR;
				CLANG_WARN_SUSPICIOUS_MOVES = YES;
				CLANG_WARN_UNREACHABLE_CODE = YES;
				CLANG_WARN__DUPLICATE_METHOD_MATCH = YES;
				CODE_SIGN_IDENTITY = "-";
				COPY_PHASE_STRIP = NO;
				DEBUG_INFORMATION_FORMAT = dwarf;
				ENABLE_STRICT_OBJC_MSGSEND = YES;
				ENABLE_TESTABILITY = YES;
				GCC_C_LANGUAGE_STANDARD = gnu99;
				GCC_DYNAMIC_NO_PIC = NO;
				GCC_NO_COMMON_BLOCKS = YES;
				GCC_OPTIMIZATION_LEVEL = 0;
				GCC_PREPROCESSOR_DEFINITIONS = (
					"DEBUG=1",
					"$(inherited)",
				);
				GCC_WARN_64_TO_32_BIT_CONVERSION = YES;
				GCC_WARN_ABOUT_RETURN_TYPE = YES_ERROR;
				GCC_WARN_UNDECLARED_SELECTOR = YES;
				GCC_WARN_UNINITIALIZED_AUTOS = YES_AGGRESSIVE;
				GCC_WARN_UNUSED_FUNCTION = YES;
				GCC_WARN_UNUSED_VARIABLE = YES;
				MACOSX_DEPLOYMENT_TARGET = 10.11;
				MTL_ENABLE_DEBUG_INFO = YES;
				ONLY_ACTIVE_ARCH = YES;
				SDKROOT = macosx;
			};
			name = Debug;
		};
		8A1D5EF81E7C7AD500E0ADB3 /* Release */ = {
			isa = XCBuildConfiguration;
			buildSettings = {
				ALWAYS_SEARCH_USER_PATHS = NO;
				CLANG_ANALYZER_NONNULL = YES;
				CLANG_CXX_LANGUAGE_STANDARD = "gnu++0x";
				CLANG_CXX_LIBRARY = "libc++";
				CLANG_ENABLE_MODULES = YES;
				CLANG_ENABLE_OBJC_ARC = YES;
				CLANG_WARN_BOOL_CONVERSION = YES;
				CLANG_WARN_CONSTANT_CONVERSION = YES;
				CLANG_WARN_DIRECT_OBJC_ISA_USAGE = YES_ERROR;
				CLANG_WARN_DOCUMENTATION_COMMENTS = YES;
				CLANG_WARN_EMPTY_BODY = YES;
				CLANG_WARN_ENUM_CONVERSION = YES;
				CLANG_WARN_INFINITE_RECURSION = YES;
				CLANG_WARN_INT_CONVERSION = YES;
				CLANG_WARN_OBJC_ROOT_CLASS = YES_ERROR;
				CLANG_WARN_SUSPICIOUS_MOVES = YES;
				CLANG_WARN_UNREACHABLE_CODE = YES;
				CLANG_WARN__DUPLICATE_METHOD_MATCH = YES;
				CODE_SIGN_IDENTITY = "-";
				COPY_PHASE_STRIP = NO;
				DEBUG_INFORMATION_FORMAT = "dwarf-with-dsym";
				ENABLE_NS_ASSERTIONS = NO;
				ENABLE_STRICT_OBJC_MSGSEND = YES;
				GCC_C_LANGUAGE_STANDARD = gnu99;
				GCC_NO_COMMON_BLOCKS = YES;
				GCC_WARN_64_TO_32_BIT_CONVERSION = YES;
				GCC_WARN_ABOUT_RETURN_TYPE = YES_ERROR;
				GCC_WARN_UNDECLARED_SELECTOR = YES;
				GCC_WARN_UNINITIALIZED_AUTOS = YES_AGGRESSIVE;
				GCC_WARN_UNUSED_FUNCTION = YES;
				GCC_WARN_UNUSED_VARIABLE = YES;
				MACOSX_DEPLOYMENT_TARGET = 10.11;
				MTL_ENABLE_DEBUG_INFO = NO;
				SDKROOT = macosx;
			};
			name = Release;
		};
		8A1D5EFA1E7C7AD500E0ADB3 /* Debug */ = {
			isa = XCBuildConfiguration;
			buildSettings = {
				COMBINE_HIDPI_IMAGES = YES;
				INFOPLIST_FILE = UnityNativePlugin/Info.plist;
				INSTALL_PATH = "$(LOCAL_LIBRARY_DIR)/Bundles";
				PRODUCT_BUNDLE_IDENTIFIER = com.UnityNativePlugin;
				PRODUCT_NAME = "$(TARGET_NAME)";
				SKIP_INSTALL = YES;
				WRAPPER_EXTENSION = bundle;
			};
			name = Debug;
		};
		8A1D5EFB1E7C7AD500E0ADB3 /* Release */ = {
			isa = XCBuildConfiguration;
			buildSettings = {
				COMBINE_HIDPI_IMAGES = YES;
				INFOPLIST_FILE = UnityNativePlugin/Info.plist;
				INSTALL_PATH = "$(LOCAL_LIBRARY_DIR)/Bundles";
				PRODUCT_BUNDLE_IDENTIFIER = com.UnityNativePlugin;
				PRODUCT_NAME = "$(TARGET_NAME)";
				SKIP_INSTALL = YES;
				WRAPPER_EXTENSION = bundle;
			};
			name = Release;
		};
/* End XCBuildConfiguration section */

/* Begin XCConfigurationList section */
		8A1D5EEE1E7C7AD500E0ADB3 /* Build configuration list for PBXProject "UnityNativePlugin" */ = {
			isa = XCConfigurationList;
			buildConfigurations = (
				8A1D5EF71E7C7AD500E0ADB3 /* Debug */,
				8A1D5EF81E7C7AD500E0ADB3 /* Release */,
			);
			defaultConfigurationIsVisible = 0;
			defaultConfigurationName = Release;
		};
		8A1D5EF91E7C7AD500E0ADB3 /* Build configuration list for PBXNativeTarget "UnityNativePlugin" */ = {
			isa = XCConfigurationList;
			buildConfigurations = (
				8A1D5EFA1E7C7AD500E0ADB3 /* Debug */,
				8A1D5EFB1E7C7AD500E0ADB3 /* Release */,
			);
			defaultConfigurationIsVisible = 0;
			defaultConfigurationName = Release;
		};
/* End XCConfigurationList section */
	};
	rootObject = 8A1D5EEB1E7C7AD500E0ADB3 /* Project object */;
}
